
Microsoft Visual Studio Solution File, Format Version 12.00
# Visual Studio 14
VisualStudioVersion = 14.0.25123.0
MinimumVisualStudioVersion = 10.0.40219.1
Project("{FAE04EC0-301F-11D3-BF4B-00C04F79EFBC}") = "JsonSplitter", "JsonSplitter\JsonSplitter.csproj", "{A047E3C7-EB9C-441E-95F1-B9291EE64317}"
EndProject
Project("{FAE04EC0-301F-11D3-BF4B-00C04F79EFBC}") = "JsonSplitter.Core", "JsonSplitter.Core\JsonSplitter.Core.csproj", "{13D05795-4382-4990-8539-CE17B3BAA1A4}"
EndProject
Global
	GlobalSection(SolutionConfigurationPlatforms) = preSolution
		Debug|Any CPU = Debug|Any CPU
		Release|Any CPU = Release|Any CPU
	EndGlobalSection
	GlobalSection(ProjectConfigurationPlatforms) = postSolution
		{A047E3C7-EB9C-441E-95F1-B9291EE64317}.Debug|Any CPU.ActiveCfg = Debug|Any CPU
		{A047E3C7-EB9C-441E-95F1-B9291EE64317}.Debug|Any CPU.Build.0 = Debug|Any CPU
		{A047E3C7-EB9C-441E-95F1-B9291EE64317}.Release|Any CPU.ActiveCfg = Release|Any CPU
		{A047E3C7-EB9C-441E-95F1-B9291EE64317}.Release|Any CPU.Build.0 = Release|Any CPU
		{13D05795-4382-4990-8539-CE17B3BAA1A4}.Debug|Any CPU.ActiveCfg = Debug|Any CPU
		{13D05795-4382-4990-8539-CE17B3BAA1A4}.Debug|Any CPU.Build.0 = Debug|Any CPU
		{13D05795-4382-4990-8539-CE17B3BAA1A4}.Release|Any CPU.ActiveCfg = Release|Any CPU
		{13D05795-4382-4990-8539-CE17B3BAA1A4}.Release|Any CPU.Build.0 = Release|Any CPU
	EndGlobalSection
	GlobalSection(SolutionProperties) = preSolution
		HideSolutionNode = FALSE
	EndGlobalSection
EndGlobal
